
Microsoft Visual Studio Solution File, Format Version 12.00
# Visual Studio 15
VisualStudioVersion = 15.0.27130.0
MinimumVisualStudioVersion = 10.0.40219.1
Project("{FAE04EC0-301F-11D3-BF4B-00C04F79EFBC}") = "Consumer", "Consumer\Consumer.csproj", "{66D73E63-0CC6-4C08-93FF-6C33C0DD9DAE}"
EndProject
Global
	GlobalSection(SolutionConfigurationPlatforms) = preSolution
		Debug|Any CPU = Debug|Any CPU
		Release|Any CPU = Release|Any CPU
	EndGlobalSection
	GlobalSection(ProjectConfigurationPlatforms) = postSolution
		{66D73E63-0CC6-4C08-93FF-6C33C0DD9DAE}.Debug|Any CPU.ActiveCfg = Debug|Any CPU
		{66D73E63-0CC6-4C08-93FF-6C33C0DD9DAE}.Debug|Any CPU.Build.0 = Debug|Any CPU
		{66D73E63-0CC6-4C08-93FF-6C33C0DD9DAE}.Release|Any CPU.ActiveCfg = Release|Any CPU
		{66D73E63-0CC6-4C08-93FF-6C33C0DD9DAE}.Release|Any CPU.Build.0 = Release|Any CPU
	EndGlobalSection
	GlobalSection(SolutionProperties) = preSolution
		HideSolutionNode = FALSE
	EndGlobalSection
	GlobalSection(ExtensibilityGlobals) = postSolution
		SolutionGuid = {2B00AF19-A141-4D57-A590-D7D22937D2C4}
	EndGlobalSection
	GlobalSection(TeamFoundationVersionControl) = preSolution
		SccNumberOfProjects = 2
		SccEnterpriseProvider = {4CA58AB2-18FA-4F8D-95D4-32DDF27D184C}
		SccTeamFoundationServer = https://tfs.mindtree.com/tfs/defaultcollection
		SccLocalPath0 = .
		SccProjectUniqueName1 = Consumer\\Consumer.csproj
		SccProjectName1 = Consumer
		SccLocalPath1 = Consumer
	EndGlobalSection
EndGlobal
